
Microsoft Visual Studio Solution File, Format Version 12.00
# Visual Studio Version 17
VisualStudioVersion = 17.13.35931.197 d17.13
MinimumVisualStudioVersion = 10.0.40219.1
Project("{FAE04EC0-301F-11D3-BF4B-00C04F79EFBC}") = "WebApplicationStudentInformation", "WebApplicationStudentInformation\WebApplicationStudentInformation.csproj", "{3F012455-4552-47FB-8860-09D8E9C94581}"
EndProject
Global
	GlobalSection(SolutionConfigurationPlatforms) = preSolution
		Debug|Any CPU = Debug|Any CPU
		Release|Any CPU = Release|Any CPU
	EndGlobalSection
	GlobalSection(ProjectConfigurationPlatforms) = postSolution
		{3F012455-4552-47FB-8860-09D8E9C94581}.Debug|Any CPU.ActiveCfg = Debug|Any CPU
		{3F012455-4552-47FB-8860-09D8E9C94581}.Debug|Any CPU.Build.0 = Debug|Any CPU
		{3F012455-4552-47FB-8860-09D8E9C94581}.Release|Any CPU.ActiveCfg = Release|Any CPU
		{3F012455-4552-47FB-8860-09D8E9C94581}.Release|Any CPU.Build.0 = Release|Any CPU
	EndGlobalSection
	GlobalSection(SolutionProperties) = preSolution
		HideSolutionNode = FALSE
	EndGlobalSection
	GlobalSection(ExtensibilityGlobals) = postSolution
		SolutionGuid = {F6E3C4B0-394D-40B5-BB6C-3DB1EE6884F2}
	EndGlobalSection
EndGlobal
