
Microsoft Visual Studio Solution File, Format Version 12.00
# Visual Studio Version 17
VisualStudioVersion = 17.13.35919.96 d17.13
MinimumVisualStudioVersion = 10.0.40219.1
Project("{FAE04EC0-301F-11D3-BF4B-00C04F79EFBC}") = "WebApplicationApiPor", "WebApplicationApiPor\WebApplicationApiPor.csproj", "{81F2C382-5182-40C8-95EB-6E441BBB315C}"
EndProject
Global
	GlobalSection(SolutionConfigurationPlatforms) = preSolution
		Debug|Any CPU = Debug|Any CPU
		Release|Any CPU = Release|Any CPU
	EndGlobalSection
	GlobalSection(ProjectConfigurationPlatforms) = postSolution
		{81F2C382-5182-40C8-95EB-6E441BBB315C}.Debug|Any CPU.ActiveCfg = Debug|Any CPU
		{81F2C382-5182-40C8-95EB-6E441BBB315C}.Debug|Any CPU.Build.0 = Debug|Any CPU
		{81F2C382-5182-40C8-95EB-6E441BBB315C}.Release|Any CPU.ActiveCfg = Release|Any CPU
		{81F2C382-5182-40C8-95EB-6E441BBB315C}.Release|Any CPU.Build.0 = Release|Any CPU
	EndGlobalSection
	GlobalSection(SolutionProperties) = preSolution
		HideSolutionNode = FALSE
	EndGlobalSection
	GlobalSection(ExtensibilityGlobals) = postSolution
		SolutionGuid = {F87D39EA-21CF-4CA6-9B88-7DDDDFFD486A}
	EndGlobalSection
EndGlobal
