
Microsoft Visual Studio Solution File, Format Version 12.00
# Visual Studio Version 17
VisualStudioVersion = 17.13.35919.96 d17.13
MinimumVisualStudioVersion = 10.0.40219.1
Project("{FAE04EC0-301F-11D3-BF4B-00C04F79EFBC}") = "WebApplicationAPI", "WebApplicationAPI\WebApplicationAPI.csproj", "{19F43012-EC7D-4243-B22C-EBF0B2D4321E}"
EndProject
Global
	GlobalSection(SolutionConfigurationPlatforms) = preSolution
		Debug|Any CPU = Debug|Any CPU
		Release|Any CPU = Release|Any CPU
	EndGlobalSection
	GlobalSection(ProjectConfigurationPlatforms) = postSolution
		{19F43012-EC7D-4243-B22C-EBF0B2D4321E}.Debug|Any CPU.ActiveCfg = Debug|Any CPU
		{19F43012-EC7D-4243-B22C-EBF0B2D4321E}.Debug|Any CPU.Build.0 = Debug|Any CPU
		{19F43012-EC7D-4243-B22C-EBF0B2D4321E}.Release|Any CPU.ActiveCfg = Release|Any CPU
		{19F43012-EC7D-4243-B22C-EBF0B2D4321E}.Release|Any CPU.Build.0 = Release|Any CPU
	EndGlobalSection
	GlobalSection(SolutionProperties) = preSolution
		HideSolutionNode = FALSE
	EndGlobalSection
	GlobalSection(ExtensibilityGlobals) = postSolution
		SolutionGuid = {0D3013BD-BC5F-40CA-9B85-66F988AA9DF1}
	EndGlobalSection
EndGlobal
